{
  "name": "@rogerchappel/postmaker",
  "version": "0.1.0",
  "lockfileVersion": 3,
  "requires": true,
  "packages": {
    "": {
      "name": "@rogerchappel/postmaker",
      "version": "0.1.0",
      "license": "MIT",
      "bin": {
        "postmaker": "bin/postmaker.js"
      },
      "engines": {
        "node": ">=20"
      }
    }
  }
}
